
Microsoft Visual Studio Solution File, Format Version 12.00
# Visual Studio 2012
Project("{FAE04EC0-301F-11D3-BF4B-00C04F79EFBC}") = "landfall", "landfall\landfall.csproj", "{DE94328F-0116-45F7-8135-ECEBB56AD243}"
EndProject
Project("{FAE04EC0-301F-11D3-BF4B-00C04F79EFBC}") = "LandfallHook", "LandfallHook\LandfallHook.csproj", "{5C95DD7B-531E-43DB-8B09-B693DAD1CA16}"
EndProject
Project("{6141683F-8A12-4E36-9623-2EB02B2C2303}") = "Setup", "Setup\Setup.isproj", "{A24A32D7-27EA-4E8B-A968-9DA59F2A7918}"
EndProject
Global
	GlobalSection(SolutionConfigurationPlatforms) = preSolution
		CD_ROM|Any CPU = CD_ROM|Any CPU
		CD_ROM|x64 = CD_ROM|x64
		CD_ROM|x86 = CD_ROM|x86
		Debug|Any CPU = Debug|Any CPU
		Debug|x64 = Debug|x64
		Debug|x86 = Debug|x86
		DVD-5|Any CPU = DVD-5|Any CPU
		DVD-5|x64 = DVD-5|x64
		DVD-5|x86 = DVD-5|x86
		Release|Any CPU = Release|Any CPU
		Release|x64 = Release|x64
		Release|x86 = Release|x86
		SingleImage|Any CPU = SingleImage|Any CPU
		SingleImage|x64 = SingleImage|x64
		SingleImage|x86 = SingleImage|x86
	EndGlobalSection
	GlobalSection(ProjectConfigurationPlatforms) = postSolution
		{DE94328F-0116-45F7-8135-ECEBB56AD243}.CD_ROM|Any CPU.ActiveCfg = Debug|Any CPU
		{DE94328F-0116-45F7-8135-ECEBB56AD243}.CD_ROM|Any CPU.Build.0 = Debug|Any CPU
		{DE94328F-0116-45F7-8135-ECEBB56AD243}.CD_ROM|x64.ActiveCfg = Debug|x64
		{DE94328F-0116-45F7-8135-ECEBB56AD243}.CD_ROM|x64.Build.0 = Debug|x64
		{DE94328F-0116-45F7-8135-ECEBB56AD243}.CD_ROM|x86.ActiveCfg = Debug|x86
		{DE94328F-0116-45F7-8135-ECEBB56AD243}.CD_ROM|x86.Build.0 = Debug|x86
		{DE94328F-0116-45F7-8135-ECEBB56AD243}.Debug|Any CPU.ActiveCfg = Debug|Any CPU
		{DE94328F-0116-45F7-8135-ECEBB56AD243}.Debug|Any CPU.Build.0 = Debug|Any CPU
		{DE94328F-0116-45F7-8135-ECEBB56AD243}.Debug|x64.ActiveCfg = Debug|x64
		{DE94328F-0116-45F7-8135-ECEBB56AD243}.Debug|x64.Build.0 = Debug|x64
		{DE94328F-0116-45F7-8135-ECEBB56AD243}.Debug|x86.ActiveCfg = Debug|x86
		{DE94328F-0116-45F7-8135-ECEBB56AD243}.Debug|x86.Build.0 = Debug|x86
		{DE94328F-0116-45F7-8135-ECEBB56AD243}.DVD-5|Any CPU.ActiveCfg = Debug|Any CPU
		{DE94328F-0116-45F7-8135-ECEBB56AD243}.DVD-5|Any CPU.Build.0 = Debug|Any CPU
		{DE94328F-0116-45F7-8135-ECEBB56AD243}.DVD-5|x64.ActiveCfg = Debug|x64
		{DE94328F-0116-45F7-8135-ECEBB56AD243}.DVD-5|x64.Build.0 = Debug|x64
		{DE94328F-0116-45F7-8135-ECEBB56AD243}.DVD-5|x86.ActiveCfg = Debug|x86
		{DE94328F-0116-45F7-8135-ECEBB56AD243}.DVD-5|x86.Build.0 = Debug|x86
		{DE94328F-0116-45F7-8135-ECEBB56AD243}.Release|Any CPU.ActiveCfg = Release|Any CPU
		{DE94328F-0116-45F7-8135-ECEBB56AD243}.Release|Any CPU.Build.0 = Release|Any CPU
		{DE94328F-0116-45F7-8135-ECEBB56AD243}.Release|x64.ActiveCfg = Release|x64
		{DE94328F-0116-45F7-8135-ECEBB56AD243}.Release|x64.Build.0 = Release|x64
		{DE94328F-0116-45F7-8135-ECEBB56AD243}.Release|x86.ActiveCfg = Release|x86
		{DE94328F-0116-45F7-8135-ECEBB56AD243}.Release|x86.Build.0 = Release|x86
		{DE94328F-0116-45F7-8135-ECEBB56AD243}.SingleImage|Any CPU.ActiveCfg = Release|Any CPU
		{DE94328F-0116-45F7-8135-ECEBB56AD243}.SingleImage|Any CPU.Build.0 = Release|Any CPU
		{DE94328F-0116-45F7-8135-ECEBB56AD243}.SingleImage|x64.ActiveCfg = Debug|x64
		{DE94328F-0116-45F7-8135-ECEBB56AD243}.SingleImage|x64.Build.0 = Debug|x64
		{DE94328F-0116-45F7-8135-ECEBB56AD243}.SingleImage|x86.ActiveCfg = Debug|x86
		{DE94328F-0116-45F7-8135-ECEBB56AD243}.SingleImage|x86.Build.0 = Debug|x86
		{5C95DD7B-531E-43DB-8B09-B693DAD1CA16}.CD_ROM|Any CPU.ActiveCfg = Debug|Any CPU
		{5C95DD7B-531E-43DB-8B09-B693DAD1CA16}.CD_ROM|Any CPU.Build.0 = Debug|Any CPU
		{5C95DD7B-531E-43DB-8B09-B693DAD1CA16}.CD_ROM|x64.ActiveCfg = Release|x64
		{5C95DD7B-531E-43DB-8B09-B693DAD1CA16}.CD_ROM|x64.Build.0 = Release|x64
		{5C95DD7B-531E-43DB-8B09-B693DAD1CA16}.CD_ROM|x86.ActiveCfg = Debug|x86
		{5C95DD7B-531E-43DB-8B09-B693DAD1CA16}.CD_ROM|x86.Build.0 = Debug|x86
		{5C95DD7B-531E-43DB-8B09-B693DAD1CA16}.Debug|Any CPU.ActiveCfg = Debug|Any CPU
		{5C95DD7B-531E-43DB-8B09-B693DAD1CA16}.Debug|Any CPU.Build.0 = Debug|Any CPU
		{5C95DD7B-531E-43DB-8B09-B693DAD1CA16}.Debug|x64.ActiveCfg = Debug|x64
		{5C95DD7B-531E-43DB-8B09-B693DAD1CA16}.Debug|x64.Build.0 = Debug|x64
		{5C95DD7B-531E-43DB-8B09-B693DAD1CA16}.Debug|x86.ActiveCfg = Debug|x86
		{5C95DD7B-531E-43DB-8B09-B693DAD1CA16}.Debug|x86.Build.0 = Debug|x86
		{5C95DD7B-531E-43DB-8B09-B693DAD1CA16}.DVD-5|Any CPU.ActiveCfg = Debug|Any CPU
		{5C95DD7B-531E-43DB-8B09-B693DAD1CA16}.DVD-5|Any CPU.Build.0 = Debug|Any CPU
		{5C95DD7B-531E-43DB-8B09-B693DAD1CA16}.DVD-5|x64.ActiveCfg = Debug|x64
		{5C95DD7B-531E-43DB-8B09-B693DAD1CA16}.DVD-5|x64.Build.0 = Debug|x64
		{5C95DD7B-531E-43DB-8B09-B693DAD1CA16}.DVD-5|x86.ActiveCfg = Debug|x86
		{5C95DD7B-531E-43DB-8B09-B693DAD1CA16}.DVD-5|x86.Build.0 = Debug|x86
		{5C95DD7B-531E-43DB-8B09-B693DAD1CA16}.Release|Any CPU.ActiveCfg = Release|Any CPU
		{5C95DD7B-531E-43DB-8B09-B693DAD1CA16}.Release|Any CPU.Build.0 = Release|Any CPU
		{5C95DD7B-531E-43DB-8B09-B693DAD1CA16}.Release|x64.ActiveCfg = Release|x64
		{5C95DD7B-531E-43DB-8B09-B693DAD1CA16}.Release|x64.Build.0 = Release|x64
		{5C95DD7B-531E-43DB-8B09-B693DAD1CA16}.Release|x86.ActiveCfg = Release|x86
		{5C95DD7B-531E-43DB-8B09-B693DAD1CA16}.Release|x86.Build.0 = Release|x86
		{5C95DD7B-531E-43DB-8B09-B693DAD1CA16}.SingleImage|Any CPU.ActiveCfg = Release|Any CPU
		{5C95DD7B-531E-43DB-8B09-B693DAD1CA16}.SingleImage|Any CPU.Build.0 = Release|Any CPU
		{5C95DD7B-531E-43DB-8B09-B693DAD1CA16}.SingleImage|x64.ActiveCfg = Release|x64
		{5C95DD7B-531E-43DB-8B09-B693DAD1CA16}.SingleImage|x64.Build.0 = Release|x64
		{5C95DD7B-531E-43DB-8B09-B693DAD1CA16}.SingleImage|x86.ActiveCfg = Debug|x86
		{5C95DD7B-531E-43DB-8B09-B693DAD1CA16}.SingleImage|x86.Build.0 = Debug|x86
		{A24A32D7-27EA-4E8B-A968-9DA59F2A7918}.CD_ROM|Any CPU.ActiveCfg = CD_ROM
		{A24A32D7-27EA-4E8B-A968-9DA59F2A7918}.CD_ROM|Any CPU.Build.0 = CD_ROM
		{A24A32D7-27EA-4E8B-A968-9DA59F2A7918}.CD_ROM|x64.ActiveCfg = CD_ROM
		{A24A32D7-27EA-4E8B-A968-9DA59F2A7918}.CD_ROM|x64.Build.0 = CD_ROM
		{A24A32D7-27EA-4E8B-A968-9DA59F2A7918}.CD_ROM|x86.ActiveCfg = CD_ROM
		{A24A32D7-27EA-4E8B-A968-9DA59F2A7918}.CD_ROM|x86.Build.0 = CD_ROM
		{A24A32D7-27EA-4E8B-A968-9DA59F2A7918}.Debug|Any CPU.ActiveCfg = DVD-5
		{A24A32D7-27EA-4E8B-A968-9DA59F2A7918}.Debug|Any CPU.Build.0 = DVD-5
		{A24A32D7-27EA-4E8B-A968-9DA59F2A7918}.Debug|x64.ActiveCfg = DVD-5
		{A24A32D7-27EA-4E8B-A968-9DA59F2A7918}.Debug|x64.Build.0 = DVD-5
		{A24A32D7-27EA-4E8B-A968-9DA59F2A7918}.Debug|x86.ActiveCfg = DVD-5
		{A24A32D7-27EA-4E8B-A968-9DA59F2A7918}.Debug|x86.Build.0 = DVD-5
		{A24A32D7-27EA-4E8B-A968-9DA59F2A7918}.DVD-5|Any CPU.ActiveCfg = DVD-5
		{A24A32D7-27EA-4E8B-A968-9DA59F2A7918}.DVD-5|Any CPU.Build.0 = DVD-5
		{A24A32D7-27EA-4E8B-A968-9DA59F2A7918}.DVD-5|x64.ActiveCfg = DVD-5
		{A24A32D7-27EA-4E8B-A968-9DA59F2A7918}.DVD-5|x64.Build.0 = DVD-5
		{A24A32D7-27EA-4E8B-A968-9DA59F2A7918}.DVD-5|x86.ActiveCfg = DVD-5
		{A24A32D7-27EA-4E8B-A968-9DA59F2A7918}.DVD-5|x86.Build.0 = DVD-5
		{A24A32D7-27EA-4E8B-A968-9DA59F2A7918}.Release|Any CPU.ActiveCfg = SingleImage
		{A24A32D7-27EA-4E8B-A968-9DA59F2A7918}.Release|Any CPU.Build.0 = SingleImage
		{A24A32D7-27EA-4E8B-A968-9DA59F2A7918}.Release|x64.ActiveCfg = SingleImage
		{A24A32D7-27EA-4E8B-A968-9DA59F2A7918}.Release|x64.Build.0 = SingleImage
		{A24A32D7-27EA-4E8B-A968-9DA59F2A7918}.Release|x86.ActiveCfg = SingleImage
		{A24A32D7-27EA-4E8B-A968-9DA59F2A7918}.Release|x86.Build.0 = SingleImage
		{A24A32D7-27EA-4E8B-A968-9DA59F2A7918}.SingleImage|Any CPU.ActiveCfg = SingleImage
		{A24A32D7-27EA-4E8B-A968-9DA59F2A7918}.SingleImage|Any CPU.Build.0 = SingleImage
		{A24A32D7-27EA-4E8B-A968-9DA59F2A7918}.SingleImage|x64.ActiveCfg = SingleImage
		{A24A32D7-27EA-4E8B-A968-9DA59F2A7918}.SingleImage|x64.Build.0 = SingleImage
		{A24A32D7-27EA-4E8B-A968-9DA59F2A7918}.SingleImage|x86.ActiveCfg = SingleImage
		{A24A32D7-27EA-4E8B-A968-9DA59F2A7918}.SingleImage|x86.Build.0 = SingleImage
	EndGlobalSection
	GlobalSection(SolutionProperties) = preSolution
		HideSolutionNode = FALSE
	EndGlobalSection
EndGlobal
